<?xml version="1.0" encoding="utf-8"?>
<Project ToolsVersion="4.0" xmlns="http://schemas.microsoft.com/developer/msbuild/2003">
  <ItemGroup>
    <Filter Include="源文件">
      <UniqueIdentifier>{4FC737F1-C7A5-4376-A066-2A32D752A2FF}</UniqueIdentifier>
      <Extensions>cpp;c;cc;cxx;def;odl;idl;hpj;bat;asm;asmx</Extensions>
    </Filter>
    <Filter Include="头文件">
      <UniqueIdentifier>{93995380-89BD-4b04-88EB-625FBE52EBFB}</UniqueIdentifier>
      <Extensions>h;hpp;hxx;hm;inl;inc;xsd</Extensions>
    </Filter>
    <Filter Include="资源文件">
      <UniqueIdentifier>{67DA6AB6-F800-4c08-8B7A-83BB121AAD01}</UniqueIdentifier>
      <Extensions>rc;ico;cur;bmp;dlg;rc2;rct;bin;rgs;gif;jpg;jpeg;jpe;resx;tiff;tif;png;wav;mfcribbon-ms</Extensions>
    </Filter>
    <Filter Include="线程池">
      <UniqueIdentifier>{6c0a40a8-1706-48db-a9f7-42a161abbe01}</UniqueIdentifier>
    </Filter>
    <Filter Include="网络传输">
      <UniqueIdentifier>{4ac5022c-43ce-4b2f-b223-e9ca57b24424}</UniqueIdentifier>
    </Filter>
    <Filter Include="MD5">
      <UniqueIdentifier>{7334a027-7678-4b65-8bd0-2d3e3837072d}</UniqueIdentifier>
    </Filter>
  </ItemGroup>
  <ItemGroup>
    <Text Include="ReadMe.txt" />
  </ItemGroup>
  <ItemGroup>
    <ClInclude Include="MyNetworkDisk.h">
      <Filter>头文件</Filter>
    </ClInclude>
    <ClInclude Include="MyNetworkDiskDlg.h">
      <Filter>头文件</Filter>
    </ClInclude>
    <ClInclude Include="stdafx.h">
      <Filter>头文件</Filter>
    </ClInclude>
    <ClInclude Include="targetver.h">
      <Filter>头文件</Filter>
    </ClInclude>
    <ClInclude Include="Resource.h">
      <Filter>头文件</Filter>
    </ClInclude>
    <ClInclude Include="IOFileStream.h">
      <Filter>头文件</Filter>
    </ClInclude>
    <ClInclude Include="MyTools.h">
      <Filter>头文件</Filter>
    </ClInclude>
    <ClInclude Include="MyRegisterDlg.h">
      <Filter>头文件</Filter>
    </ClInclude>
    <ClInclude Include="packdef.h">
      <Filter>源文件</Filter>
    </ClInclude>
    <ClInclude Include="..\threadpool\ThreadPool.h">
      <Filter>线程池</Filter>
    </ClInclude>
    <ClInclude Include="TcpNet.h">
      <Filter>网络传输</Filter>
    </ClInclude>
    <ClInclude Include="TcpMediator.h">
      <Filter>网络传输</Filter>
    </ClInclude>
    <ClInclude Include="MyMainDlg.h">
      <Filter>头文件</Filter>
    </ClInclude>
    <ClInclude Include="MyWangPanDlg.h">
      <Filter>头文件</Filter>
    </ClInclude>
    <ClInclude Include="..\md5\md5.h">
      <Filter>MD5</Filter>
    </ClInclude>
    <ClInclude Include="MyNewDirectoryDlg.h">
      <Filter>头文件</Filter>
    </ClInclude>
    <ClInclude Include="MyTransferDlg.h">
      <Filter>头文件</Filter>
    </ClInclude>
    <ClInclude Include="MyTransferDownloadDlg.h">
      <Filter>头文件</Filter>
    </ClInclude>
    <ClInclude Include="MyTransferUploadDlg.h">
      <Filter>头文件</Filter>
    </ClInclude>
    <ClInclude Include="MyTransferFinishDlg.h">
      <Filter>头文件</Filter>
    </ClInclude>
    <ClInclude Include="MyFriendsDlg.h">
      <Filter>头文件</Filter>
    </ClInclude>
    <ClInclude Include="FriendList.h">
      <Filter>头文件</Filter>
    </ClInclude>
    <ClInclude Include="MyChatDlg.h">
      <Filter>头文件</Filter>
    </ClInclude>
    <ClInclude Include="ProcessList.h">
      <Filter>头文件</Filter>
    </ClInclude>
    <ClInclude Include="MyFriendSearchDlg.h">
      <Filter>头文件</Filter>
    </ClInclude>
    <ClInclude Include="MyAddFriendRequestDlg.h">
      <Filter>头文件</Filter>
    </ClInclude>
    <ClInclude Include="MyShareFileDlg.h">
      <Filter>头文件</Filter>
    </ClInclude>
    <ClInclude Include="MyShareDlg.h">
      <Filter>头文件</Filter>
    </ClInclude>
    <ClInclude Include="MyExtractFileDlg.h">
      <Filter>头文件</Filter>
    </ClInclude>
    <ClInclude Include="MySetDlg.h">
      <Filter>头文件</Filter>
    </ClInclude>
    <ClInclude Include="MyLockDlg.h">
      <Filter>头文件</Filter>
    </ClInclude>
  </ItemGroup>
  <ItemGroup>
    <ClCompile Include="MyNetworkDisk.cpp">
      <Filter>源文件</Filter>
    </ClCompile>
    <ClCompile Include="MyNetworkDiskDlg.cpp">
      <Filter>源文件</Filter>
    </ClCompile>
    <ClCompile Include="stdafx.cpp">
      <Filter>源文件</Filter>
    </ClCompile>
    <ClCompile Include="IOFileStream.cpp">
      <Filter>源文件</Filter>
    </ClCompile>
    <ClCompile Include="MyTools.cpp">
      <Filter>源文件</Filter>
    </ClCompile>
    <ClCompile Include="MyRegisterDlg.cpp">
      <Filter>源文件</Filter>
    </ClCompile>
    <ClCompile Include="..\threadpool\ThreadPool.cpp">
      <Filter>线程池</Filter>
    </ClCompile>
    <ClCompile Include="TcpNet.cpp">
      <Filter>网络传输</Filter>
    </ClCompile>
    <ClCompile Include="TcpMediator.cpp">
      <Filter>网络传输</Filter>
    </ClCompile>
    <ClCompile Include="MyMainDlg.cpp">
      <Filter>源文件</Filter>
    </ClCompile>
    <ClCompile Include="MyWangPanDlg.cpp">
      <Filter>源文件</Filter>
    </ClCompile>
    <ClCompile Include="..\md5\md5.cpp">
      <Filter>MD5</Filter>
    </ClCompile>
    <ClCompile Include="MyNewDirectoryDlg.cpp">
      <Filter>源文件</Filter>
    </ClCompile>
    <ClCompile Include="MyTransferDlg.cpp">
      <Filter>源文件</Filter>
    </ClCompile>
    <ClCompile Include="MyTransferDownloadDlg.cpp">
      <Filter>源文件</Filter>
    </ClCompile>
    <ClCompile Include="MyTransferUploadDlg.cpp">
      <Filter>源文件</Filter>
    </ClCompile>
    <ClCompile Include="MyTransferFinishDlg.cpp">
      <Filter>源文件</Filter>
    </ClCompile>
    <ClCompile Include="ProcessList.cpp">
      <Filter>源文件</Filter>
    </ClCompile>
    <ClCompile Include="MyFriendsDlg.cpp">
      <Filter>源文件</Filter>
    </ClCompile>
    <ClCompile Include="FriendList.cpp">
      <Filter>头文件</Filter>
    </ClCompile>
    <ClCompile Include="MyChatDlg.cpp">
      <Filter>源文件</Filter>
    </ClCompile>
    <ClCompile Include="MyFriendSearchDlg.cpp">
      <Filter>源文件</Filter>
    </ClCompile>
    <ClCompile Include="MyAddFriendRequestDlg.cpp">
      <Filter>源文件</Filter>
    </ClCompile>
    <ClCompile Include="MyShareFileDlg.cpp">
      <Filter>源文件</Filter>
    </ClCompile>
    <ClCompile Include="MyShareDlg.cpp">
      <Filter>源文件</Filter>
    </ClCompile>
    <ClCompile Include="MyExtractFileDlg.cpp">
      <Filter>源文件</Filter>
    </ClCompile>
    <ClCompile Include="MySetDlg.cpp">
      <Filter>源文件</Filter>
    </ClCompile>
    <ClCompile Include="MyLockDlg.cpp">
      <Filter>源文件</Filter>
    </ClCompile>
  </ItemGroup>
  <ItemGroup>
    <ResourceCompile Include="MyNetworkDisk.rc">
      <Filter>资源文件</Filter>
    </ResourceCompile>
  </ItemGroup>
  <ItemGroup>
    <None Include="res\MyNetworkDisk.rc2">
      <Filter>资源文件</Filter>
    </None>
  </ItemGroup>
  <ItemGroup>
    <Image Include="res\MyNetworkDisk.ico">
      <Filter>资源文件</Filter>
    </Image>
    <Image Include="res\123.bmp">
      <Filter>资源文件</Filter>
    </Image>
    <Image Include="res\register.bmp">
      <Filter>资源文件</Filter>
    </Image>
    <Image Include="res\main.bmp">
      <Filter>资源文件</Filter>
    </Image>
    <Image Include="res\directory.bmp">
      <Filter>资源文件</Filter>
    </Image>
    <Image Include="res\file.bmp">
      <Filter>资源文件</Filter>
    </Image>
    <Image Include="res\lock.bmp">
      <Filter>资源文件</Filter>
    </Image>
  </ItemGroup>
</Project>